{
  "name": "ngscripts",
  "version": "1.0.0",
  "lockfileVersion": 3,
  "requires": true,
  "packages": {
    "": {
      "name": "ngscripts",
      "version": "1.0.0",
      "license": "ISC",
      "dependencies": {
        "envfile": "^7.1.0"
      }
    },
    "node_modules/envfile": {
      "version": "7.1.0",
      "resolved": "https://registry.npmjs.org/envfile/-/envfile-7.1.0.tgz",
      "integrity": "sha512-dyH4QnnZsArCLhPASr29eqBWDvKpq0GggQFTmysTT/S9TTmt1JrEKNvTBc09Cd7ujVZQful2HBGRMe2agu7Krg==",
      "license": "Artistic-2.0",
      "bin": {
        "envfile": "bin.cjs"
      },
      "engines": {
        "node": ">=8"
      },
      "funding": {
        "url": "https://bevry.me/fund"
      }
    }
  }
}
